// !$*UTF8*$!
{
	archiveVersion = 1;
	classes = {
	};
	objectVersion = 56;
	objects = {

/* Begin PBXBuildFile section */
		B94EA7742DA41E9C005FB50E /* Selftape_AssistantApp.swift in Sources */ = {isa = PBXBuildFile; fileRef = B94EA7732DA41E9C005FB50E /* Selftape_AssistantApp.swift */; };
		B94EA7762DA41E9C005FB50E /* ContentView.swift in Sources */ = {isa = PBXBuildFile; fileRef = B94EA7752DA41E9C005FB50E /* ContentView.swift */; };
		B94EA77A2DA41E9D005FB50E /* Assets.xcassets in Resources */ = {isa = PBXBuildFile; fileRef = B94EA7792DA41E9D005FB50E /* Assets.xcassets */; };
		B94EA77D2DA41E9D005FB50E /* Preview Assets.xcassets in Resources */ = {isa = PBXBuildFile; fileRef = B94EA77C2DA41E9D005FB50E /* Preview Assets.xcassets */; };
		B94EA7872DA41E9E005FB50E /* Selftape_AssistantTests.swift in Sources */ = {isa = PBXBuildFile; fileRef = B94EA7862DA41E9E005FB50E /* Selftape_AssistantTests.swift */; };
		B94EA7912DA41E9E005FB50E /* Selftape_AssistantUITests.swift in Sources */ = {isa = PBXBuildFile; fileRef = B94EA7902DA41E9E005FB50E /* Selftape_AssistantUITests.swift */; };
		B94EA7932DA41E9E005FB50E /* Selftape_AssistantUITestsLaunchTests.swift in Sources */ = {isa = PBXBuildFile; fileRef = B94EA7922DA41E9E005FB50E /* Selftape_AssistantUITestsLaunchTests.swift */; };
		B96707F42DA5735200154590 /* AudioManager.swift in Sources */ = {isa = PBXBuildFile; fileRef = B96707F32DA5735200154590 /* AudioManager.swift */; };
		B9AF3A032DA42E81001D3306 /* SceneItem.swift in Sources */ = {isa = PBXBuildFile; fileRef = B9AF3A022DA42E81001D3306 /* SceneItem.swift */; };
/* End PBXBuildFile section */

/* Begin PBXContainerItemProxy section */
		B94EA7832DA41E9E005FB50E /* PBXContainerItemProxy */ = {
			isa = PBXContainerItemProxy;
			containerPortal = B94EA7682DA41E9C005FB50E /* Project object */;
			proxyType = 1;
			remoteGlobalIDString = B94EA76F2DA41E9C005FB50E;
			remoteInfo = Selftape_Assistant;
		};
		B94EA78D2DA41E9E005FB50E /* PBXContainerItemProxy */ = {
			isa = PBXContainerItemProxy;
			containerPortal = B94EA7682DA41E9C005FB50E /* Project object */;
			proxyType = 1;
			remoteGlobalIDString = B94EA76F2DA41E9C005FB50E;
			remoteInfo = Selftape_Assistant;
		};
/* End PBXContainerItemProxy section */

/* Begin PBXFileReference section */
		B94EA7702DA41E9C005FB50E /* Selftape_Assistant.app */ = {isa = PBXFileReference; explicitFileType = wrapper.application; includeInIndex = 0; path = Selftape_Assistant.app; sourceTree = BUILT_PRODUCTS_DIR; };
		B94EA7732DA41E9C005FB50E /* Selftape_AssistantApp.swift */ = {isa = PBXFileReference; lastKnownFileType = sourcecode.swift; path = Selftape_AssistantApp.swift; sourceTree = "<group>"; };
		B94EA7752DA41E9C005FB50E /* ContentView.swift */ = {isa = PBXFileReference; lastKnownFileType = sourcecode.swift; path = ContentView.swift; sourceTree = "<group>"; };
		B94EA7792DA41E9D005FB50E /* Assets.xcassets */ = {isa = PBXFileReference; lastKnownFileType = folder.assetcatalog; path = Assets.xcassets; sourceTree = "<group>"; };
		B94EA77C2DA41E9D005FB50E /* Preview Assets.xcassets */ = {isa = PBXFileReference; lastKnownFileType = folder.assetcatalog; path = "Preview Assets.xcassets"; sourceTree = "<group>"; };
		B94EA7822DA41E9E005FB50E /* Selftape_AssistantTests.xctest */ = {isa = PBXFileReference; explicitFileType = wrapper.cfbundle; includeInIndex = 0; path = Selftape_AssistantTests.xctest; sourceTree = BUILT_PRODUCTS_DIR; };
		B94EA7862DA41E9E005FB50E /* Selftape_AssistantTests.swift */ = {isa = PBXFileReference; lastKnownFileType = sourcecode.swift; path = Selftape_AssistantTests.swift; sourceTree = "<group>"; };
		B94EA78C2DA41E9E005FB50E /* Selftape_AssistantUITests.xctest */ = {isa = PBXFileReference; explicitFileType = wrapper.cfbundle; includeInIndex = 0; path = Selftape_AssistantUITests.xctest; sourceTree = BUILT_PRODUCTS_DIR; };
		B94EA7902DA41E9E005FB50E /* Selftape_AssistantUITests.swift */ = {isa = PBXFileReference; lastKnownFileType = sourcecode.swift; path = Selftape_AssistantUITests.swift; sourceTree = "<group>"; };
		B94EA7922DA41E9E005FB50E /* Selftape_AssistantUITestsLaunchTests.swift */ = {isa = PBXFileReference; lastKnownFileType = sourcecode.swift; path = Selftape_AssistantUITestsLaunchTests.swift; sourceTree = "<group>"; };
		B96707F32DA5735200154590 /* AudioManager.swift */ = {isa = PBXFileReference; fileEncoding = 4; lastKnownFileType = sourcecode.swift; path = AudioManager.swift; sourceTree = "<group>"; };
		B9AF3A022DA42E81001D3306 /* SceneItem.swift */ = {isa = PBXFileReference; fileEncoding = 4; lastKnownFileType = sourcecode.swift; path = SceneItem.swift; sourceTree = "<group>"; };
/* End PBXFileReference section */

/* Begin PBXFrameworksBuildPhase section */
		B94EA76D2DA41E9C005FB50E /* Frameworks */ = {
			isa = PBXFrameworksBuildPhase;
			buildActionMask = 2147483647;
			files = (
			);
			runOnlyForDeploymentPostprocessing = 0;
		};
		B94EA77F2DA41E9E005FB50E /* Frameworks */ = {
			isa = PBXFrameworksBuildPhase;
			buildActionMask = 2147483647;
			files = (
			);
			runOnlyForDeploymentPostprocessing = 0;
		};
		B94EA7892DA41E9E005FB50E /* Frameworks */ = {
			isa = PBXFrameworksBuildPhase;
			buildActionMask = 2147483647;
			files = (
			);
			runOnlyForDeploymentPostprocessing = 0;
		};
/* End PBXFrameworksBuildPhase section */

/* Begin PBXGroup section */
		B94EA7672DA41E9C005FB50E = {
			isa = PBXGroup;
			children = (
				B94EA7722DA41E9C005FB50E /* Selftape_Assistant */,
				B94EA7852DA41E9E005FB50E /* Selftape_AssistantTests */,
				B94EA78F2DA41E9E005FB50E /* Selftape_AssistantUITests */,
				B94EA7712DA41E9C005FB50E /* Products */,
			);
			sourceTree = "<group>";
		};
		B94EA7712DA41E9C005FB50E /* Products */ = {
			isa = PBXGroup;
			children = (
				B94EA7702DA41E9C005FB50E /* Selftape_Assistant.app */,
				B94EA7822DA41E9E005FB50E /* Selftape_AssistantTests.xctest */,
				B94EA78C2DA41E9E005FB50E /* Selftape_AssistantUITests.xctest */,
			);
			name = Products;
			sourceTree = "<group>";
		};
		B94EA7722DA41E9C005FB50E /* Selftape_Assistant */ = {
			isa = PBXGroup;
			children = (
				B96707F32DA5735200154590 /* AudioManager.swift */,
				B9AF3A022DA42E81001D3306 /* SceneItem.swift */,
				B94EA7732DA41E9C005FB50E /* Selftape_AssistantApp.swift */,
				B94EA7752DA41E9C005FB50E /* ContentView.swift */,
				B94EA7792DA41E9D005FB50E /* Assets.xcassets */,
				B94EA77B2DA41E9D005FB50E /* Preview Content */,
			);
			path = Selftape_Assistant;
			sourceTree = "<group>";
		};
		B94EA77B2DA41E9D005FB50E /* Preview Content */ = {
			isa = PBXGroup;
			children = (
				B94EA77C2DA41E9D005FB50E /* Preview Assets.xcassets */,
			);
			path = "Preview Content";
			sourceTree = "<group>";
		};
		B94EA7852DA41E9E005FB50E /* Selftape_AssistantTests */ = {
			isa = PBXGroup;
			children = (
				B94EA7862DA41E9E005FB50E /* Selftape_AssistantTests.swift */,
			);
			path = Selftape_AssistantTests;
			sourceTree = "<group>";
		};
		B94EA78F2DA41E9E005FB50E /* Selftape_AssistantUITests */ = {
			isa = PBXGroup;
			children = (
				B94EA7902DA41E9E005FB50E /* Selftape_AssistantUITests.swift */,
				B94EA7922DA41E9E005FB50E /* Selftape_AssistantUITestsLaunchTests.swift */,
			);
			path = Selftape_AssistantUITests;
			sourceTree = "<group>";
		};
/* End PBXGroup section */

/* Begin PBXNativeTarget section */
		B94EA76F2DA41E9C005FB50E /* Selftape_Assistant */ = {
			isa = PBXNativeTarget;
			buildConfigurationList = B94EA7962DA41E9E005FB50E /* Build configuration list for PBXNativeTarget "Selftape_Assistant" */;
			buildPhases = (
				B94EA76C2DA41E9C005FB50E /* Sources */,
				B94EA76D2DA41E9C005FB50E /* Frameworks */,
				B94EA76E2DA41E9C005FB50E /* Resources */,
			);
			buildRules = (
			);
			dependencies = (
			);
			name = Selftape_Assistant;
			productName = Selftape_Assistant;
			productReference = B94EA7702DA41E9C005FB50E /* Selftape_Assistant.app */;
			productType = "com.apple.product-type.application";
		};
		B94EA7812DA41E9E005FB50E /* Selftape_AssistantTests */ = {
			isa = PBXNativeTarget;
			buildConfigurationList = B94EA7992DA41E9E005FB50E /* Build configuration list for PBXNativeTarget "Selftape_AssistantTests" */;
			buildPhases = (
				B94EA77E2DA41E9E005FB50E /* Sources */,
				B94EA77F2DA41E9E005FB50E /* Frameworks */,
				B94EA7802DA41E9E005FB50E /* Resources */,
			);
			buildRules = (
			);
			dependencies = (
				B94EA7842DA41E9E005FB50E /* PBXTargetDependency */,
			);
			name = Selftape_AssistantTests;
			productName = Selftape_AssistantTests;
			productReference = B94EA7822DA41E9E005FB50E /* Selftape_AssistantTests.xctest */;
			productType = "com.apple.product-type.bundle.unit-test";
		};
		B94EA78B2DA41E9E005FB50E /* Selftape_AssistantUITests */ = {
			isa = PBXNativeTarget;
			buildConfigurationList = B94EA79C2DA41E9E005FB50E /* Build configuration list for PBXNativeTarget "Selftape_AssistantUITests" */;
			buildPhases = (
				B94EA7882DA41E9E005FB50E /* Sources */,
				B94EA7892DA41E9E005FB50E /* Frameworks */,
				B94EA78A2DA41E9E005FB50E /* Resources */,
			);
			buildRules = (
			);
			dependencies = (
				B94EA78E2DA41E9E005FB50E /* PBXTargetDependency */,
			);
			name = Selftape_AssistantUITests;
			productName = Selftape_AssistantUITests;
			productReference = B94EA78C2DA41E9E005FB50E /* Selftape_AssistantUITests.xctest */;
			productType = "com.apple.product-type.bundle.ui-testing";
		};
/* End PBXNativeTarget section */

/* Begin PBXProject section */
		B94EA7682DA41E9C005FB50E /* Project object */ = {
			isa = PBXProject;
			attributes = {
				BuildIndependentTargetsInParallel = 1;
				LastSwiftUpdateCheck = 1540;
				LastUpgradeCheck = 1540;
				TargetAttributes = {
					B94EA76F2DA41E9C005FB50E = {
						CreatedOnToolsVersion = 15.4;
					};
					B94EA7812DA41E9E005FB50E = {
						CreatedOnToolsVersion = 15.4;
						TestTargetID = B94EA76F2DA41E9C005FB50E;
					};
					B94EA78B2DA41E9E005FB50E = {
						CreatedOnToolsVersion = 15.4;
						TestTargetID = B94EA76F2DA41E9C005FB50E;
					};
				};
			};
			buildConfigurationList = B94EA76B2DA41E9C005FB50E /* Build configuration list for PBXProject "Selftape_Assistant" */;
			compatibilityVersion = "Xcode 14.0";
			developmentRegion = en;
			hasScannedForEncodings = 0;
			knownRegions = (
				en,
				Base,
			);
			mainGroup = B94EA7672DA41E9C005FB50E;
			productRefGroup = B94EA7712DA41E9C005FB50E /* Products */;
			projectDirPath = "";
			projectRoot = "";
			targets = (
				B94EA76F2DA41E9C005FB50E /* Selftape_Assistant */,
				B94EA7812DA41E9E005FB50E /* Selftape_AssistantTests */,
				B94EA78B2DA41E9E005FB50E /* Selftape_AssistantUITests */,
			);
		};
/* End PBXProject section */

/* Begin PBXResourcesBuildPhase section */
		B94EA76E2DA41E9C005FB50E /* Resources */ = {
			isa = PBXResourcesBuildPhase;
			buildActionMask = 2147483647;
			files = (
				B94EA77D2DA41E9D005FB50E /* Preview Assets.xcassets in Resources */,
				B94EA77A2DA41E9D005FB50E /* Assets.xcassets in Resources */,
			);
			runOnlyForDeploymentPostprocessing = 0;
		};
		B94EA7802DA41E9E005FB50E /* Resources */ = {
			isa = PBXResourcesBuildPhase;
			buildActionMask = 2147483647;
			files = (
			);
			runOnlyForDeploymentPostprocessing = 0;
		};
		B94EA78A2DA41E9E005FB50E /* Resources */ = {
			isa = PBXResourcesBuildPhase;
			buildActionMask = 2147483647;
			files = (
			);
			runOnlyForDeploymentPostprocessing = 0;
		};
/* End PBXResourcesBuildPhase section */

/* Begin PBXSourcesBuildPhase section */
		B94EA76C2DA41E9C005FB50E /* Sources */ = {
			isa = PBXSourcesBuildPhase;
			buildActionMask = 2147483647;
			files = (
				B94EA7762DA41E9C005FB50E /* ContentView.swift in Sources */,
				B9AF3A032DA42E81001D3306 /* SceneItem.swift in Sources */,
				B96707F42DA5735200154590 /* AudioManager.swift in Sources */,
				B94EA7742DA41E9C005FB50E /* Selftape_AssistantApp.swift in Sources */,
			);
			runOnlyForDeploymentPostprocessing = 0;
		};
		B94EA77E2DA41E9E005FB50E /* Sources */ = {
			isa = PBXSourcesBuildPhase;
			buildActionMask = 2147483647;
			files = (
				B94EA7872DA41E9E005FB50E /* Selftape_AssistantTests.swift in Sources */,
			);
			runOnlyForDeploymentPostprocessing = 0;
		};
		B94EA7882DA41E9E005FB50E /* Sources */ = {
			isa = PBXSourcesBuildPhase;
			buildActionMask = 2147483647;
			files = (
				B94EA7912DA41E9E005FB50E /* Selftape_AssistantUITests.swift in Sources */,
				B94EA7932DA41E9E005FB50E /* Selftape_AssistantUITestsLaunchTests.swift in Sources */,
			);
			runOnlyForDeploymentPostprocessing = 0;
		};
/* End PBXSourcesBuildPhase section */

/* Begin PBXTargetDependency section */
		B94EA7842DA41E9E005FB50E /* PBXTargetDependency */ = {
			isa = PBXTargetDependency;
			target = B94EA76F2DA41E9C005FB50E /* Selftape_Assistant */;
			targetProxy = B94EA7832DA41E9E005FB50E /* PBXContainerItemProxy */;
		};
		B94EA78E2DA41E9E005FB50E /* PBXTargetDependency */ = {
			isa = PBXTargetDependency;
			target = B94EA76F2DA41E9C005FB50E /* Selftape_Assistant */;
			targetProxy = B94EA78D2DA41E9E005FB50E /* PBXContainerItemProxy */;
		};
/* End PBXTargetDependency section */

/* Begin XCBuildConfiguration section */
		B94EA7942DA41E9E005FB50E /* Debug */ = {
			isa = XCBuildConfiguration;
			buildSettings = {
				ALWAYS_SEARCH_USER_PATHS = NO;
				ASSETCATALOG_COMPILER_GENERATE_SWIFT_ASSET_SYMBOL_EXTENSIONS = YES;
				CLANG_ANALYZER_NONNULL = YES;
				CLANG_ANALYZER_NUMBER_OBJECT_CONVERSION = YES_AGGRESSIVE;
				CLANG_CXX_LANGUAGE_STANDARD = "gnu++20";
				CLANG_ENABLE_MODULES = YES;
				CLANG_ENABLE_OBJC_ARC = YES;
				CLANG_ENABLE_OBJC_WEAK = YES;
				CLANG_WARN_BLOCK_CAPTURE_AUTORELEASING = YES;
				CLANG_WARN_BOOL_CONVERSION = YES;
				CLANG_WARN_COMMA = YES;
				CLANG_WARN_CONSTANT_CONVERSION = YES;
				CLANG_WARN_DEPRECATED_OBJC_IMPLEMENTATIONS = YES;
				CLANG_WARN_DIRECT_OBJC_ISA_USAGE = YES_ERROR;
				CLANG_WARN_DOCUMENTATION_COMMENTS = YES;
				CLANG_WARN_EMPTY_BODY = YES;
				CLANG_WARN_ENUM_CONVERSION = YES;
				CLANG_WARN_INFINITE_RECURSION = YES;
				CLANG_WARN_INT_CONVERSION = YES;
				CLANG_WARN_NON_LITERAL_NULL_CONVERSION = YES;
				CLANG_WARN_OBJC_IMPLICIT_RETAIN_SELF = YES;
				CLANG_WARN_OBJC_LITERAL_CONVERSION = YES;
				CLANG_WARN_OBJC_ROOT_CLASS = YES_ERROR;
				CLANG_WARN_QUOTED_INCLUDE_IN_FRAMEWORK_HEADER = YES;
				CLANG_WARN_RANGE_LOOP_ANALYSIS = YES;
				CLANG_WARN_STRICT_PROTOTYPES = YES;
				CLANG_WARN_SUSPICIOUS_MOVE = YES;
				CLANG_WARN_UNGUARDED_AVAILABILITY = YES_AGGRESSIVE;
				CLANG_WARN_UNREACHABLE_CODE = YES;
				CLANG_WARN__DUPLICATE_METHOD_MATCH = YES;
				COPY_PHASE_STRIP = NO;
				DEBUG_INFORMATION_FORMAT = dwarf;
				ENABLE_STRICT_OBJC_MSGSEND = YES;
				ENABLE_TESTABILITY = YES;
				ENABLE_USER_SCRIPT_SANDBOXING = YES;
				GCC_C_LANGUAGE_STANDARD = gnu17;
				GCC_DYNAMIC_NO_PIC = NO;
				GCC_NO_COMMON_BLOCKS = YES;
				GCC_OPTIMIZATION_LEVEL = 0;
				GCC_PREPROCESSOR_DEFINITIONS = (
					"DEBUG=1",
					"$(inherited)",
				);
				GCC_WARN_64_TO_32_BIT_CONVERSION = YES;
				GCC_WARN_ABOUT_RETURN_TYPE = YES_ERROR;
				GCC_WARN_UNDECLARED_SELECTOR = YES;
				GCC_WARN_UNINITIALIZED_AUTOS = YES_AGGRESSIVE;
				GCC_WARN_UNUSED_FUNCTION = YES;
				GCC_WARN_UNUSED_VARIABLE = YES;
				IPHONEOS_DEPLOYMENT_TARGET = 17.5;
				LOCALIZATION_PREFERS_STRING_CATALOGS = YES;
				MTL_ENABLE_DEBUG_INFO = INCLUDE_SOURCE;
				MTL_FAST_MATH = YES;
				ONLY_ACTIVE_ARCH = YES;
				SDKROOT = iphoneos;
				SWIFT_ACTIVE_COMPILATION_CONDITIONS = "DEBUG $(inherited)";
				SWIFT_OPTIMIZATION_LEVEL = "-Onone";
			};
			name = Debug;
		};
		B94EA7952DA41E9E005FB50E /* Release */ = {
			isa = XCBuildConfiguration;
			buildSettings = {
				ALWAYS_SEARCH_USER_PATHS = NO;
				ASSETCATALOG_COMPILER_GENERATE_SWIFT_ASSET_SYMBOL_EXTENSIONS = YES;
				CLANG_ANALYZER_NONNULL = YES;
				CLANG_ANALYZER_NUMBER_OBJECT_CONVERSION = YES_AGGRESSIVE;
				CLANG_CXX_LANGUAGE_STANDARD = "gnu++20";
				CLANG_ENABLE_MODULES = YES;
				CLANG_ENABLE_OBJC_ARC = YES;
				CLANG_ENABLE_OBJC_WEAK = YES;
				CLANG_WARN_BLOCK_CAPTURE_AUTORELEASING = YES;
				CLANG_WARN_BOOL_CONVERSION = YES;
				CLANG_WARN_COMMA = YES;
				CLANG_WARN_CONSTANT_CONVERSION = YES;
				CLANG_WARN_DEPRECATED_OBJC_IMPLEMENTATIONS = YES;
				CLANG_WARN_DIRECT_OBJC_ISA_USAGE = YES_ERROR;
				CLANG_WARN_DOCUMENTATION_COMMENTS = YES;
				CLANG_WARN_EMPTY_BODY = YES;
				CLANG_WARN_ENUM_CONVERSION = YES;
				CLANG_WARN_INFINITE_RECURSION = YES;
				CLANG_WARN_INT_CONVERSION = YES;
				CLANG_WARN_NON_LITERAL_NULL_CONVERSION = YES;
				CLANG_WARN_OBJC_IMPLICIT_RETAIN_SELF = YES;
				CLANG_WARN_OBJC_LITERAL_CONVERSION = YES;
				CLANG_WARN_OBJC_ROOT_CLASS = YES_ERROR;
				CLANG_WARN_QUOTED_INCLUDE_IN_FRAMEWORK_HEADER = YES;
				CLANG_WARN_RANGE_LOOP_ANALYSIS = YES;
				CLANG_WARN_STRICT_PROTOTYPES = YES;
				CLANG_WARN_SUSPICIOUS_MOVE = YES;
				CLANG_WARN_UNGUARDED_AVAILABILITY = YES_AGGRESSIVE;
				CLANG_WARN_UNREACHABLE_CODE = YES;
				CLANG_WARN__DUPLICATE_METHOD_MATCH = YES;
				COPY_PHASE_STRIP = NO;
				DEBUG_INFORMATION_FORMAT = "dwarf-with-dsym";
				ENABLE_NS_ASSERTIONS = NO;
				ENABLE_STRICT_OBJC_MSGSEND = YES;
				ENABLE_USER_SCRIPT_SANDBOXING = YES;
				GCC_C_LANGUAGE_STANDARD = gnu17;
				GCC_NO_COMMON_BLOCKS = YES;
				GCC_WARN_64_TO_32_BIT_CONVERSION = YES;
				GCC_WARN_ABOUT_RETURN_TYPE = YES_ERROR;
				GCC_WARN_UNDECLARED_SELECTOR = YES;
				GCC_WARN_UNINITIALIZED_AUTOS = YES_AGGRESSIVE;
				GCC_WARN_UNUSED_FUNCTION = YES;
				GCC_WARN_UNUSED_VARIABLE = YES;
				IPHONEOS_DEPLOYMENT_TARGET = 17.5;
				LOCALIZATION_PREFERS_STRING_CATALOGS = YES;
				MTL_ENABLE_DEBUG_INFO = NO;
				MTL_FAST_MATH = YES;
				SDKROOT = iphoneos;
				SWIFT_COMPILATION_MODE = wholemodule;
				VALIDATE_PRODUCT = YES;
			};
			name = Release;
		};
		B94EA7972DA41E9E005FB50E /* Debug */ = {
			isa = XCBuildConfiguration;
			buildSettings = {
				ASSETCATALOG_COMPILER_APPICON_NAME = AppIcon;
				ASSETCATALOG_COMPILER_GLOBAL_ACCENT_COLOR_NAME = AccentColor;
				CODE_SIGN_STYLE = Automatic;
				CURRENT_PROJECT_VERSION = 1;
				DEVELOPMENT_ASSET_PATHS = "\"Selftape_Assistant/Preview Content\"";
				DEVELOPMENT_TEAM = 5Y44N2LU89;
				ENABLE_PREVIEWS = YES;
				GENERATE_INFOPLIST_FILE = YES;
				INFOPLIST_KEY_NSMicrophoneUsageDescription = "This app needs access to your microphone to record audio for scenes.";
				INFOPLIST_KEY_NSSpeechRecognitionUsageDescription = "This app needs speech recognition to transcribe your recorded lines.\"";
				INFOPLIST_KEY_UIApplicationSceneManifest_Generation = YES;
				INFOPLIST_KEY_UIApplicationSupportsIndirectInputEvents = YES;
				INFOPLIST_KEY_UILaunchScreen_Generation = YES;
				INFOPLIST_KEY_UISupportedInterfaceOrientations_iPad = "UIInterfaceOrientationPortrait UIInterfaceOrientationPortraitUpsideDown UIInterfaceOrientationLandscapeLeft UIInterfaceOrientationLandscapeRight";
				INFOPLIST_KEY_UISupportedInterfaceOrientations_iPhone = "UIInterfaceOrientationPortrait UIInterfaceOrientationLandscapeLeft UIInterfaceOrientationLandscapeRight";
				LD_RUNPATH_SEARCH_PATHS = (
					"$(inherited)",
					"@executable_path/Frameworks",
				);
				MARKETING_VERSION = 1.0;
				PRODUCT_BUNDLE_IDENTIFIER = "April.Selftape-Assistant";
				PRODUCT_NAME = "$(TARGET_NAME)";
				SWIFT_EMIT_LOC_STRINGS = YES;
				SWIFT_VERSION = 5.0;
				TARGETED_DEVICE_FAMILY = "1,2";
			};
			name = Debug;
		};
		B94EA7982DA41E9E005FB50E /* Release */ = {
			isa = XCBuildConfiguration;
			buildSettings = {
				ASSETCATALOG_COMPILER_APPICON_NAME = AppIcon;
				ASSETCATALOG_COMPILER_GLOBAL_ACCENT_COLOR_NAME = AccentColor;
				CODE_SIGN_STYLE = Automatic;
				CURRENT_PROJECT_VERSION = 1;
				DEVELOPMENT_ASSET_PATHS = "\"Selftape_Assistant/Preview Content\"";
				DEVELOPMENT_TEAM = 5Y44N2LU89;
				ENABLE_PREVIEWS = YES;
				GENERATE_INFOPLIST_FILE = YES;
				INFOPLIST_KEY_NSMicrophoneUsageDescription = "This app needs access to your microphone to record audio for scenes.";
				INFOPLIST_KEY_NSSpeechRecognitionUsageDescription = "This app needs speech recognition to transcribe your recorded lines.\"";
				INFOPLIST_KEY_UIApplicationSceneManifest_Generation = YES;
				INFOPLIST_KEY_UIApplicationSupportsIndirectInputEvents = YES;
				INFOPLIST_KEY_UILaunchScreen_Generation = YES;
				INFOPLIST_KEY_UISupportedInterfaceOrientations_iPad = "UIInterfaceOrientationPortrait UIInterfaceOrientationPortraitUpsideDown UIInterfaceOrientationLandscapeLeft UIInterfaceOrientationLandscapeRight";
				INFOPLIST_KEY_UISupportedInterfaceOrientations_iPhone = "UIInterfaceOrientationPortrait UIInterfaceOrientationLandscapeLeft UIInterfaceOrientationLandscapeRight";
				LD_RUNPATH_SEARCH_PATHS = (
					"$(inherited)",
					"@executable_path/Frameworks",
				);
				MARKETING_VERSION = 1.0;
				PRODUCT_BUNDLE_IDENTIFIER = "April.Selftape-Assistant";
				PRODUCT_NAME = "$(TARGET_NAME)";
				SWIFT_EMIT_LOC_STRINGS = YES;
				SWIFT_VERSION = 5.0;
				TARGETED_DEVICE_FAMILY = "1,2";
			};
			name = Release;
		};
		B94EA79A2DA41E9E005FB50E /* Debug */ = {
			isa = XCBuildConfiguration;
			buildSettings = {
				ALWAYS_EMBED_SWIFT_STANDARD_LIBRARIES = YES;
				BUNDLE_LOADER = "$(TEST_HOST)";
				CODE_SIGN_STYLE = Automatic;
				CURRENT_PROJECT_VERSION = 1;
				GENERATE_INFOPLIST_FILE = YES;
				IPHONEOS_DEPLOYMENT_TARGET = 17.5;
				MARKETING_VERSION = 1.0;
				PRODUCT_BUNDLE_IDENTIFIER = "April.Selftape-AssistantTests";
				PRODUCT_NAME = "$(TARGET_NAME)";
				SWIFT_EMIT_LOC_STRINGS = NO;
				SWIFT_VERSION = 5.0;
				TARGETED_DEVICE_FAMILY = "1,2";
				TEST_HOST = "$(BUILT_PRODUCTS_DIR)/Selftape_Assistant.app/$(BUNDLE_EXECUTABLE_FOLDER_PATH)/Selftape_Assistant";
			};
			name = Debug;
		};
		B94EA79B2DA41E9E005FB50E /* Release */ = {
			isa = XCBuildConfiguration;
			buildSettings = {
				ALWAYS_EMBED_SWIFT_STANDARD_LIBRARIES = YES;
				BUNDLE_LOADER = "$(TEST_HOST)";
				CODE_SIGN_STYLE = Automatic;
				CURRENT_PROJECT_VERSION = 1;
				GENERATE_INFOPLIST_FILE = YES;
				IPHONEOS_DEPLOYMENT_TARGET = 17.5;
				MARKETING_VERSION = 1.0;
				PRODUCT_BUNDLE_IDENTIFIER = "April.Selftape-AssistantTests";
				PRODUCT_NAME = "$(TARGET_NAME)";
				SWIFT_EMIT_LOC_STRINGS = NO;
				SWIFT_VERSION = 5.0;
				TARGETED_DEVICE_FAMILY = "1,2";
				TEST_HOST = "$(BUILT_PRODUCTS_DIR)/Selftape_Assistant.app/$(BUNDLE_EXECUTABLE_FOLDER_PATH)/Selftape_Assistant";
			};
			name = Release;
		};
		B94EA79D2DA41E9E005FB50E /* Debug */ = {
			isa = XCBuildConfiguration;
			buildSettings = {
				ALWAYS_EMBED_SWIFT_STANDARD_LIBRARIES = YES;
				CODE_SIGN_STYLE = Automatic;
				CURRENT_PROJECT_VERSION = 1;
				GENERATE_INFOPLIST_FILE = YES;
				MARKETING_VERSION = 1.0;
				PRODUCT_BUNDLE_IDENTIFIER = "April.Selftape-AssistantUITests";
				PRODUCT_NAME = "$(TARGET_NAME)";
				SWIFT_EMIT_LOC_STRINGS = NO;
				SWIFT_VERSION = 5.0;
				TARGETED_DEVICE_FAMILY = "1,2";
				TEST_TARGET_NAME = Selftape_Assistant;
			};
			name = Debug;
		};
		B94EA79E2DA41E9E005FB50E /* Release */ = {
			isa = XCBuildConfiguration;
			buildSettings = {
				ALWAYS_EMBED_SWIFT_STANDARD_LIBRARIES = YES;
				CODE_SIGN_STYLE = Automatic;
				CURRENT_PROJECT_VERSION = 1;
				GENERATE_INFOPLIST_FILE = YES;
				MARKETING_VERSION = 1.0;
				PRODUCT_BUNDLE_IDENTIFIER = "April.Selftape-AssistantUITests";
				PRODUCT_NAME = "$(TARGET_NAME)";
				SWIFT_EMIT_LOC_STRINGS = NO;
				SWIFT_VERSION = 5.0;
				TARGETED_DEVICE_FAMILY = "1,2";
				TEST_TARGET_NAME = Selftape_Assistant;
			};
			name = Release;
		};
/* End XCBuildConfiguration section */

/* Begin XCConfigurationList section */
		B94EA76B2DA41E9C005FB50E /* Build configuration list for PBXProject "Selftape_Assistant" */ = {
			isa = XCConfigurationList;
			buildConfigurations = (
				B94EA7942DA41E9E005FB50E /* Debug */,
				B94EA7952DA41E9E005FB50E /* Release */,
			);
			defaultConfigurationIsVisible = 0;
			defaultConfigurationName = Release;
		};
		B94EA7962DA41E9E005FB50E /* Build configuration list for PBXNativeTarget "Selftape_Assistant" */ = {
			isa = XCConfigurationList;
			buildConfigurations = (
				B94EA7972DA41E9E005FB50E /* Debug */,
				B94EA7982DA41E9E005FB50E /* Release */,
			);
			defaultConfigurationIsVisible = 0;
			defaultConfigurationName = Release;
		};
		B94EA7992DA41E9E005FB50E /* Build configuration list for PBXNativeTarget "Selftape_AssistantTests" */ = {
			isa = XCConfigurationList;
			buildConfigurations = (
				B94EA79A2DA41E9E005FB50E /* Debug */,
				B94EA79B2DA41E9E005FB50E /* Release */,
			);
			defaultConfigurationIsVisible = 0;
			defaultConfigurationName = Release;
		};
		B94EA79C2DA41E9E005FB50E /* Build configuration list for PBXNativeTarget "Selftape_AssistantUITests" */ = {
			isa = XCConfigurationList;
			buildConfigurations = (
				B94EA79D2DA41E9E005FB50E /* Debug */,
				B94EA79E2DA41E9E005FB50E /* Release */,
			);
			defaultConfigurationIsVisible = 0;
			defaultConfigurationName = Release;
		};
/* End XCConfigurationList section */
	};
	rootObject = B94EA7682DA41E9C005FB50E /* Project object */;
}
